
Microsoft Visual Studio Solution File, Format Version 12.00
# Visual Studio Version 17
VisualStudioVersion = 17.10.35027.167
MinimumVisualStudioVersion = 10.0.40219.1
Project("{FAE04EC0-301F-11D3-BF4B-00C04F79EFBC}") = "JobSystemTest", "JobSystemTest\JobSystemTest.csproj", "{F2E88E71-DE2C-4E39-A284-D1D5BE98FC58}"
EndProject
Global
	GlobalSection(SolutionConfigurationPlatforms) = preSolution
		Debug|Any CPU = Debug|Any CPU
		Release|Any CPU = Release|Any CPU
	EndGlobalSection
	GlobalSection(ProjectConfigurationPlatforms) = postSolution
		{F2E88E71-DE2C-4E39-A284-D1D5BE98FC58}.Debug|Any CPU.ActiveCfg = Debug|Any CPU
		{F2E88E71-DE2C-4E39-A284-D1D5BE98FC58}.Debug|Any CPU.Build.0 = Debug|Any CPU
		{F2E88E71-DE2C-4E39-A284-D1D5BE98FC58}.Release|Any CPU.ActiveCfg = Release|Any CPU
		{F2E88E71-DE2C-4E39-A284-D1D5BE98FC58}.Release|Any CPU.Build.0 = Release|Any CPU
	EndGlobalSection
	GlobalSection(SolutionProperties) = preSolution
		HideSolutionNode = FALSE
	EndGlobalSection
	GlobalSection(ExtensibilityGlobals) = postSolution
		SolutionGuid = {8635B593-49DA-45F0-A595-A5006D6896C8}
	EndGlobalSection
EndGlobal
